// !$*UTF8*$!
{
	archiveVersion = 1;
	classes = {
	};
	objectVersion = 77;
	objects = {

/* Begin PBXBuildFile section */
		F8AD90032FA7AA0000248180 /* GoogleMobileAds in Frameworks */ = {isa = PBXBuildFile; productRef = F8AD90022FA7AA0000248180 /* GoogleMobileAds */; };
		F8BC7B2F2FA6AE0400248180 /* Auth in Frameworks */ = {isa = PBXBuildFile; productRef = F8BC7B2E2FA6AE0400248180 /* Auth */; };
		F8BC7B312FA6AE0400248180 /* Functions in Frameworks */ = {isa = PBXBuildFile; productRef = F8BC7B302FA6AE0400248180 /* Functions */; };
		F8BC7B332FA6AE0400248180 /* PostgREST in Frameworks */ = {isa = PBXBuildFile; productRef = F8BC7B322FA6AE0400248180 /* PostgREST */; };
		F8BC7B352FA6AE0400248180 /* Realtime in Frameworks */ = {isa = PBXBuildFile; productRef = F8BC7B342FA6AE0400248180 /* Realtime */; };
		F8BC7B372FA6AE0400248180 /* Storage in Frameworks */ = {isa = PBXBuildFile; productRef = F8BC7B362FA6AE0400248180 /* Storage */; };
		F8BC7B392FA6AE0400248180 /* Supabase in Frameworks */ = {isa = PBXBuildFile; productRef = F8BC7B382FA6AE0400248180 /* Supabase */; };
		F8D4122A2FCE100000000001 /* Resources/Templates/FanGeoPickupGamesTemplate.xlsx in Resources */ = {isa = PBXBuildFile; fileRef = F8D412292FCE100000000001 /* Resources/Templates/FanGeoPickupGamesTemplate.xlsx */; };
/* End PBXBuildFile section */

/* Begin PBXFileReference section */
		F8D412292FCE100000000001 /* Resources/Templates/FanGeoPickupGamesTemplate.xlsx */ = {isa = PBXFileReference; lastKnownFileType = archive.xlsx; path = Resources/Templates/FanGeoPickupGamesTemplate.xlsx; sourceTree = SOURCE_ROOT; };
		F8E47F382FA66B2400CAEA00 /* GameOn.app */ = {isa = PBXFileReference; explicitFileType = wrapper.application; includeInIndex = 0; path = GameOn.app; sourceTree = BUILT_PRODUCTS_DIR; };
/* End PBXFileReference section */

/* Begin PBXFileSystemSynchronizedRootGroup section */
		F8E47F3A2FA66B2400CAEA00 /* GameOn */ = {
			isa = PBXFileSystemSynchronizedRootGroup;
			path = GameOn;
			sourceTree = "<group>";
		};
/* End PBXFileSystemSynchronizedRootGroup section */

/* Begin PBXFrameworksBuildPhase section */
		F8E47F352FA66B2400CAEA00 /* Frameworks */ = {
			isa = PBXFrameworksBuildPhase;
			buildActionMask = 2147483647;
			files = (
				F8AD90032FA7AA0000248180 /* GoogleMobileAds in Frameworks */,
				F8BC7B332FA6AE0400248180 /* PostgREST in Frameworks */,
				F8BC7B312FA6AE0400248180 /* Functions in Frameworks */,
				F8BC7B392FA6AE0400248180 /* Supabase in Frameworks */,
				F8BC7B2F2FA6AE0400248180 /* Auth in Frameworks */,
				F8BC7B372FA6AE0400248180 /* Storage in Frameworks */,
				F8BC7B352FA6AE0400248180 /* Realtime in Frameworks */,
			);
			runOnlyForDeploymentPostprocessing = 0;
		};
/* End PBXFrameworksBuildPhase section */

/* Begin PBXGroup section */
		F8D33FD42FC3E00500ED324F /* Recovered References */ = {
			isa = PBXGroup;
			children = (
				F8D412292FCE100000000001 /* Resources/Templates/FanGeoPickupGamesTemplate.xlsx */,
			);
			name = "Recovered References";
			sourceTree = "<group>";
		};
		F8E47F2F2FA66B2400CAEA00 = {
			isa = PBXGroup;
			children = (
				F8E47F3A2FA66B2400CAEA00 /* GameOn */,
				F8E47F392FA66B2400CAEA00 /* Products */,
				F8D33FD42FC3E00500ED324F /* Recovered References */,
			);
			sourceTree = "<group>";
		};
		F8E47F392FA66B2400CAEA00 /* Products */ = {
			isa = PBXGroup;
			children = (
				F8E47F382FA66B2400CAEA00 /* GameOn.app */,
			);
			name = Products;
			sourceTree = "<group>";
		};
/* End PBXGroup section */

/* Begin PBXNativeTarget section */
		F8E47F372FA66B2400CAEA00 /* GameOn */ = {
			isa = PBXNativeTarget;
			buildConfigurationList = F8E47F432FA66B2500CAEA00 /* Build configuration list for PBXNativeTarget "GameOn" */;
			buildPhases = (
				F8E47F342FA66B2400CAEA00 /* Sources */,
				F8E47F352FA66B2400CAEA00 /* Frameworks */,
				F8E47F362FA66B2400CAEA00 /* Resources */,
			);
			buildRules = (
			);
			dependencies = (
			);
			fileSystemSynchronizedGroups = (
				F8E47F3A2FA66B2400CAEA00 /* GameOn */,
			);
			name = GameOn;
			packageProductDependencies = (
				F8AD90022FA7AA0000248180 /* GoogleMobileAds */,
				F8BC7B2E2FA6AE0400248180 /* Auth */,
				F8BC7B302FA6AE0400248180 /* Functions */,
				F8BC7B322FA6AE0400248180 /* PostgREST */,
				F8BC7B342FA6AE0400248180 /* Realtime */,
				F8BC7B362FA6AE0400248180 /* Storage */,
				F8BC7B382FA6AE0400248180 /* Supabase */,
			);
			productName = WatchZone;
			productReference = F8E47F382FA66B2400CAEA00 /* GameOn.app */;
			productType = "com.apple.product-type.application";
		};
/* End PBXNativeTarget section */

/* Begin PBXProject section */
		F8E47F302FA66B2400CAEA00 /* Project object */ = {
			isa = PBXProject;
			attributes = {
				BuildIndependentTargetsInParallel = 1;
				LastSwiftUpdateCheck = 2640;
				LastUpgradeCheck = 2650;
				TargetAttributes = {
					F8E47F372FA66B2400CAEA00 = {
						CreatedOnToolsVersion = 26.4.1;
					};
				};
			};
			buildConfigurationList = F8E47F332FA66B2400CAEA00 /* Build configuration list for PBXProject "GameOn" */;
			developmentRegion = en;
			hasScannedForEncodings = 0;
			knownRegions = (
				en,
				es,
				fr,
				pt,
				de,
				it,
				pl,
				ru,
				sq,
				"zh-Hans",
				Base,
			);
			mainGroup = F8E47F2F2FA66B2400CAEA00;
			minimizedProjectReferenceProxies = 1;
			packageReferences = (
				F8AD90012FA7AA0000248180 /* XCRemoteSwiftPackageReference "swift-package-manager-google-mobile-ads" */,
				F8BC7B2D2FA6AE0400248180 /* XCRemoteSwiftPackageReference "supabase-swift" */,
			);
			preferredProjectObjectVersion = 77;
			productRefGroup = F8E47F392FA66B2400CAEA00 /* Products */;
			projectDirPath = "";
			projectRoot = "";
			targets = (
				F8E47F372FA66B2400CAEA00 /* GameOn */,
			);
		};
/* End PBXProject section */

/* Begin PBXResourcesBuildPhase section */
		F8E47F362FA66B2400CAEA00 /* Resources */ = {
			isa = PBXResourcesBuildPhase;
			buildActionMask = 2147483647;
			files = (
				F8D4122A2FCE100000000001 /* Resources/Templates/FanGeoPickupGamesTemplate.xlsx in Resources */,
			);
			runOnlyForDeploymentPostprocessing = 0;
		};
/* End PBXResourcesBuildPhase section */

/* Begin PBXSourcesBuildPhase section */
		F8E47F342FA66B2400CAEA00 /* Sources */ = {
			isa = PBXSourcesBuildPhase;
			buildActionMask = 2147483647;
			files = (
			);
			runOnlyForDeploymentPostprocessing = 0;
		};
/* End PBXSourcesBuildPhase section */

/* Begin XCBuildConfiguration section */
		F8E47F412FA66B2500CAEA00 /* Debug */ = {
			isa = XCBuildConfiguration;
			buildSettings = {
				ALWAYS_SEARCH_USER_PATHS = NO;
				ASSETCATALOG_COMPILER_GENERATE_SWIFT_ASSET_SYMBOL_EXTENSIONS = YES;
				CLANG_ANALYZER_NONNULL = YES;
				CLANG_ANALYZER_NUMBER_OBJECT_CONVERSION = YES_AGGRESSIVE;
				CLANG_CXX_LANGUAGE_STANDARD = "gnu++20";
				CLANG_ENABLE_MODULES = YES;
				CLANG_ENABLE_OBJC_ARC = YES;
				CLANG_ENABLE_OBJC_WEAK = YES;
				CLANG_WARN_BLOCK_CAPTURE_AUTORELEASING = YES;
				CLANG_WARN_BOOL_CONVERSION = YES;
				CLANG_WARN_COMMA = YES;
				CLANG_WARN_CONSTANT_CONVERSION = YES;
				CLANG_WARN_DEPRECATED_OBJC_IMPLEMENTATIONS = YES;
				CLANG_WARN_DIRECT_OBJC_ISA_USAGE = YES_ERROR;
				CLANG_WARN_DOCUMENTATION_COMMENTS = YES;
				CLANG_WARN_EMPTY_BODY = YES;
				CLANG_WARN_ENUM_CONVERSION = YES;
				CLANG_WARN_INFINITE_RECURSION = YES;
				CLANG_WARN_INT_CONVERSION = YES;
				CLANG_WARN_NON_LITERAL_NULL_CONVERSION = YES;
				CLANG_WARN_OBJC_IMPLICIT_RETAIN_SELF = YES;
				CLANG_WARN_OBJC_LITERAL_CONVERSION = YES;
				CLANG_WARN_OBJC_ROOT_CLASS = YES_ERROR;
				CLANG_WARN_QUOTED_INCLUDE_IN_FRAMEWORK_HEADER = YES;
				CLANG_WARN_RANGE_LOOP_ANALYSIS = YES;
				CLANG_WARN_STRICT_PROTOTYPES = YES;
				CLANG_WARN_SUSPICIOUS_MOVE = YES;
				CLANG_WARN_UNGUARDED_AVAILABILITY = YES_AGGRESSIVE;
				CLANG_WARN_UNREACHABLE_CODE = YES;
				CLANG_WARN__DUPLICATE_METHOD_MATCH = YES;
				COPY_PHASE_STRIP = NO;
				DEBUG_INFORMATION_FORMAT = dwarf;
				ENABLE_STRICT_OBJC_MSGSEND = YES;
				ENABLE_TESTABILITY = YES;
				ENABLE_USER_SCRIPT_SANDBOXING = YES;
				GCC_C_LANGUAGE_STANDARD = gnu17;
				GCC_DYNAMIC_NO_PIC = NO;
				GCC_NO_COMMON_BLOCKS = YES;
				GCC_OPTIMIZATION_LEVEL = 0;
				GCC_PREPROCESSOR_DEFINITIONS = (
					"DEBUG=1",
					"$(inherited)",
				);
				GCC_WARN_64_TO_32_BIT_CONVERSION = YES;
				GCC_WARN_ABOUT_RETURN_TYPE = YES_ERROR;
				GCC_WARN_UNDECLARED_SELECTOR = YES;
				GCC_WARN_UNINITIALIZED_AUTOS = YES_AGGRESSIVE;
				GCC_WARN_UNUSED_FUNCTION = YES;
				GCC_WARN_UNUSED_VARIABLE = YES;
				LOCALIZATION_PREFERS_STRING_CATALOGS = YES;
				MTL_ENABLE_DEBUG_INFO = INCLUDE_SOURCE;
				MTL_FAST_MATH = YES;
				ONLY_ACTIVE_ARCH = YES;
				SWIFT_ACTIVE_COMPILATION_CONDITIONS = "DEBUG $(inherited)";
				SWIFT_OPTIMIZATION_LEVEL = "-Onone";
			};
			name = Debug;
		};
		F8E47F422FA66B2500CAEA00 /* Release */ = {
			isa = XCBuildConfiguration;
			buildSettings = {
				ALWAYS_SEARCH_USER_PATHS = NO;
				ASSETCATALOG_COMPILER_GENERATE_SWIFT_ASSET_SYMBOL_EXTENSIONS = YES;
				CLANG_ANALYZER_NONNULL = YES;
				CLANG_ANALYZER_NUMBER_OBJECT_CONVERSION = YES_AGGRESSIVE;
				CLANG_CXX_LANGUAGE_STANDARD = "gnu++20";
				CLANG_ENABLE_MODULES = YES;
				CLANG_ENABLE_OBJC_ARC = YES;
				CLANG_ENABLE_OBJC_WEAK = YES;
				CLANG_WARN_BLOCK_CAPTURE_AUTORELEASING = YES;
				CLANG_WARN_BOOL_CONVERSION = YES;
				CLANG_WARN_COMMA = YES;
				CLANG_WARN_CONSTANT_CONVERSION = YES;
				CLANG_WARN_DEPRECATED_OBJC_IMPLEMENTATIONS = YES;
				CLANG_WARN_DIRECT_OBJC_ISA_USAGE = YES_ERROR;
				CLANG_WARN_DOCUMENTATION_COMMENTS = YES;
				CLANG_WARN_EMPTY_BODY = YES;
				CLANG_WARN_ENUM_CONVERSION = YES;
				CLANG_WARN_INFINITE_RECURSION = YES;
				CLANG_WARN_INT_CONVERSION = YES;
				CLANG_WARN_NON_LITERAL_NULL_CONVERSION = YES;
				CLANG_WARN_OBJC_IMPLICIT_RETAIN_SELF = YES;
				CLANG_WARN_OBJC_LITERAL_CONVERSION = YES;
				CLANG_WARN_OBJC_ROOT_CLASS = YES_ERROR;
				CLANG_WARN_QUOTED_INCLUDE_IN_FRAMEWORK_HEADER = YES;
				CLANG_WARN_RANGE_LOOP_ANALYSIS = YES;
				CLANG_WARN_STRICT_PROTOTYPES = YES;
				CLANG_WARN_SUSPICIOUS_MOVE = YES;
				CLANG_WARN_UNGUARDED_AVAILABILITY = YES_AGGRESSIVE;
				CLANG_WARN_UNREACHABLE_CODE = YES;
				CLANG_WARN__DUPLICATE_METHOD_MATCH = YES;
				COPY_PHASE_STRIP = NO;
				DEBUG_INFORMATION_FORMAT = "dwarf-with-dsym";
				ENABLE_NS_ASSERTIONS = NO;
				ENABLE_STRICT_OBJC_MSGSEND = YES;
				ENABLE_USER_SCRIPT_SANDBOXING = YES;
				GCC_C_LANGUAGE_STANDARD = gnu17;
				GCC_NO_COMMON_BLOCKS = YES;
				GCC_WARN_64_TO_32_BIT_CONVERSION = YES;
				GCC_WARN_ABOUT_RETURN_TYPE = YES_ERROR;
				GCC_WARN_UNDECLARED_SELECTOR = YES;
				GCC_WARN_UNINITIALIZED_AUTOS = YES_AGGRESSIVE;
				GCC_WARN_UNUSED_FUNCTION = YES;
				GCC_WARN_UNUSED_VARIABLE = YES;
				LOCALIZATION_PREFERS_STRING_CATALOGS = YES;
				MTL_ENABLE_DEBUG_INFO = NO;
				MTL_FAST_MATH = YES;
				SWIFT_COMPILATION_MODE = wholemodule;
			};
			name = Release;
		};
		F8E47F442FA66B2500CAEA00 /* Debug */ = {
			isa = XCBuildConfiguration;
			buildSettings = {
				ASSETCATALOG_COMPILER_APPICON_NAME = AppIcon;
				ASSETCATALOG_COMPILER_GLOBAL_ACCENT_COLOR_NAME = AccentColor;
				ASSETCATALOG_COMPILER_INCLUDE_ALL_APPICON_ASSETS = NO;
				CODE_SIGN_ENTITLEMENTS = GameOn/GameOn.entitlements;
				CODE_SIGN_STYLE = Automatic;
				CURRENT_PROJECT_VERSION = 8;
				DEVELOPMENT_TEAM = L7BJ8772ZC;
				ENABLE_APP_SANDBOX = YES;
				ENABLE_PREVIEWS = YES;
				ENABLE_USER_SELECTED_FILES = readonly;
				GENERATE_INFOPLIST_FILE = YES;
				INFOPLIST_FILE = "AdMob-Info.plist";
				INFOPLIST_KEY_CFBundleDisplayName = FanGeo;
				INFOPLIST_KEY_LSApplicationCategoryType = "public.app-category.sports";
				INFOPLIST_KEY_NSCalendarsUsageDescription = "When you add a game to Apple Calendar from FanGeo, we create that event with its start time and venue so it sits alongside your other plans. Only items you add from FanGeo are written.";
				INFOPLIST_KEY_NSFaceIDUsageDescription = "FanGeo uses Face ID to protect access to your private messages.";
				INFOPLIST_KEY_NSLocationWhenInUseUsageDescription = "When you center the map on your current location, FanGeo uses it to show nearby sports venues and keep what you see relevant to where you are. Location is used for this map experience on your device.";
				INFOPLIST_KEY_NSPhotoLibraryUsageDescription = "When you choose a profile or venue photo, FanGeo reads only the image you select so it can upload it to your account. Your library is not scanned in the background.";
				INFOPLIST_KEY_NSUserTrackingUsageDescription = "FanGeo uses your data to show more relevant ads and support the app.";
				"INFOPLIST_KEY_UIApplicationSceneManifest_Generation[sdk=iphoneos*]" = YES;
				"INFOPLIST_KEY_UIApplicationSceneManifest_Generation[sdk=iphonesimulator*]" = YES;
				"INFOPLIST_KEY_UIApplicationSupportsIndirectInputEvents[sdk=iphoneos*]" = YES;
				"INFOPLIST_KEY_UIApplicationSupportsIndirectInputEvents[sdk=iphonesimulator*]" = YES;
				"INFOPLIST_KEY_UILaunchScreen_Generation[sdk=iphoneos*]" = NO;
				"INFOPLIST_KEY_UILaunchScreen_Generation[sdk=iphonesimulator*]" = NO;
				"INFOPLIST_KEY_UILaunchStoryboardName[sdk=iphoneos*]" = LaunchScreen;
				"INFOPLIST_KEY_UILaunchStoryboardName[sdk=iphonesimulator*]" = LaunchScreen;
				"INFOPLIST_KEY_UIStatusBarStyle[sdk=iphoneos*]" = UIStatusBarStyleDefault;
				"INFOPLIST_KEY_UIStatusBarStyle[sdk=iphonesimulator*]" = UIStatusBarStyleDefault;
				INFOPLIST_KEY_UISupportedInterfaceOrientations_iPad = "UIInterfaceOrientationPortrait UIInterfaceOrientationPortraitUpsideDown UIInterfaceOrientationLandscapeLeft UIInterfaceOrientationLandscapeRight";
				INFOPLIST_KEY_UISupportedInterfaceOrientations_iPhone = "UIInterfaceOrientationPortrait UIInterfaceOrientationLandscapeLeft UIInterfaceOrientationLandscapeRight";
				IPHONEOS_DEPLOYMENT_TARGET = 26.0;
				LD_RUNPATH_SEARCH_PATHS = "@executable_path/Frameworks";
				"LD_RUNPATH_SEARCH_PATHS[sdk=macosx*]" = "@executable_path/../Frameworks";
				MACOSX_DEPLOYMENT_TARGET = 26.3;
				MARKETING_VERSION = 3;
				PRODUCT_BUNDLE_IDENTIFIER = com.jt.fangio;
				PRODUCT_NAME = "$(TARGET_NAME)";
				REGISTER_APP_GROUPS = YES;
				SDKROOT = auto;
				STRING_CATALOG_GENERATE_SYMBOLS = YES;
				SUPPORTED_PLATFORMS = "iphoneos iphonesimulator";
				SUPPORTS_MACCATALYST = NO;
				SWIFT_APPROACHABLE_CONCURRENCY = YES;
				SWIFT_DEFAULT_ACTOR_ISOLATION = MainActor;
				SWIFT_EMIT_LOC_STRINGS = YES;
				SWIFT_UPCOMING_FEATURE_MEMBER_IMPORT_VISIBILITY = YES;
				SWIFT_VERSION = 5.0;
				TARGETED_DEVICE_FAMILY = "1,2";
				XROS_DEPLOYMENT_TARGET = 26.4;
			};
			name = Debug;
		};
		F8E47F452FA66B2500CAEA00 /* Release */ = {
			isa = XCBuildConfiguration;
			buildSettings = {
				ASSETCATALOG_COMPILER_APPICON_NAME = AppIcon;
				ASSETCATALOG_COMPILER_GLOBAL_ACCENT_COLOR_NAME = AccentColor;
				ASSETCATALOG_COMPILER_INCLUDE_ALL_APPICON_ASSETS = NO;
				CODE_SIGN_ENTITLEMENTS = GameOn/GameOn.entitlements;
				CODE_SIGN_STYLE = Automatic;
				CURRENT_PROJECT_VERSION = 8;
				DEVELOPMENT_TEAM = L7BJ8772ZC;
				ENABLE_APP_SANDBOX = YES;
				ENABLE_PREVIEWS = YES;
				ENABLE_USER_SELECTED_FILES = readonly;
				GENERATE_INFOPLIST_FILE = YES;
				INFOPLIST_FILE = "AdMob-Info.plist";
				INFOPLIST_KEY_CFBundleDisplayName = FanGeo;
				INFOPLIST_KEY_LSApplicationCategoryType = "public.app-category.sports";
				INFOPLIST_KEY_NSCalendarsUsageDescription = "When you add a game to Apple Calendar from FanGeo, we create that event with its start time and venue so it sits alongside your other plans. Only items you add from FanGeo are written.";
				INFOPLIST_KEY_NSFaceIDUsageDescription = "FanGeo uses Face ID to protect access to your private messages.";
				INFOPLIST_KEY_NSLocationWhenInUseUsageDescription = "When you center the map on your current location, FanGeo uses it to show nearby sports venues and keep what you see relevant to where you are. Location is used for this map experience on your device.";
				INFOPLIST_KEY_NSPhotoLibraryUsageDescription = "When you choose a profile or venue photo, FanGeo reads only the image you select so it can upload it to your account. Your library is not scanned in the background.";
				INFOPLIST_KEY_NSUserTrackingUsageDescription = "FanGeo uses your data to show more relevant ads and support the app.";
				"INFOPLIST_KEY_UIApplicationSceneManifest_Generation[sdk=iphoneos*]" = YES;
				"INFOPLIST_KEY_UIApplicationSceneManifest_Generation[sdk=iphonesimulator*]" = YES;
				"INFOPLIST_KEY_UIApplicationSupportsIndirectInputEvents[sdk=iphoneos*]" = YES;
				"INFOPLIST_KEY_UIApplicationSupportsIndirectInputEvents[sdk=iphonesimulator*]" = YES;
				"INFOPLIST_KEY_UILaunchScreen_Generation[sdk=iphoneos*]" = NO;
				"INFOPLIST_KEY_UILaunchScreen_Generation[sdk=iphonesimulator*]" = NO;
				"INFOPLIST_KEY_UILaunchStoryboardName[sdk=iphoneos*]" = LaunchScreen;
				"INFOPLIST_KEY_UILaunchStoryboardName[sdk=iphonesimulator*]" = LaunchScreen;
				"INFOPLIST_KEY_UIStatusBarStyle[sdk=iphoneos*]" = UIStatusBarStyleDefault;
				"INFOPLIST_KEY_UIStatusBarStyle[sdk=iphonesimulator*]" = UIStatusBarStyleDefault;
				INFOPLIST_KEY_UISupportedInterfaceOrientations_iPad = "UIInterfaceOrientationPortrait UIInterfaceOrientationPortraitUpsideDown UIInterfaceOrientationLandscapeLeft UIInterfaceOrientationLandscapeRight";
				INFOPLIST_KEY_UISupportedInterfaceOrientations_iPhone = "UIInterfaceOrientationPortrait UIInterfaceOrientationLandscapeLeft UIInterfaceOrientationLandscapeRight";
				IPHONEOS_DEPLOYMENT_TARGET = 26.0;
				LD_RUNPATH_SEARCH_PATHS = "@executable_path/Frameworks";
				"LD_RUNPATH_SEARCH_PATHS[sdk=macosx*]" = "@executable_path/../Frameworks";
				MACOSX_DEPLOYMENT_TARGET = 26.3;
				MARKETING_VERSION = 3;
				PRODUCT_BUNDLE_IDENTIFIER = com.jt.fangio;
				PRODUCT_NAME = "$(TARGET_NAME)";
				REGISTER_APP_GROUPS = YES;
				SDKROOT = auto;
				STRING_CATALOG_GENERATE_SYMBOLS = YES;
				SUPPORTED_PLATFORMS = "iphoneos iphonesimulator";
				SUPPORTS_MACCATALYST = NO;
				SWIFT_APPROACHABLE_CONCURRENCY = YES;
				SWIFT_DEFAULT_ACTOR_ISOLATION = MainActor;
				SWIFT_EMIT_LOC_STRINGS = YES;
				SWIFT_UPCOMING_FEATURE_MEMBER_IMPORT_VISIBILITY = YES;
				SWIFT_VERSION = 5.0;
				TARGETED_DEVICE_FAMILY = "1,2";
				XROS_DEPLOYMENT_TARGET = 26.4;
			};
			name = Release;
		};
/* End XCBuildConfiguration section */

/* Begin XCConfigurationList section */
		F8E47F332FA66B2400CAEA00 /* Build configuration list for PBXProject "GameOn" */ = {
			isa = XCConfigurationList;
			buildConfigurations = (
				F8E47F412FA66B2500CAEA00 /* Debug */,
				F8E47F422FA66B2500CAEA00 /* Release */,
			);
			defaultConfigurationIsVisible = 0;
			defaultConfigurationName = Release;
		};
		F8E47F432FA66B2500CAEA00 /* Build configuration list for PBXNativeTarget "GameOn" */ = {
			isa = XCConfigurationList;
			buildConfigurations = (
				F8E47F442FA66B2500CAEA00 /* Debug */,
				F8E47F452FA66B2500CAEA00 /* Release */,
			);
			defaultConfigurationIsVisible = 0;
			defaultConfigurationName = Release;
		};
/* End XCConfigurationList section */

/* Begin XCRemoteSwiftPackageReference section */
		F8AD90012FA7AA0000248180 /* XCRemoteSwiftPackageReference "swift-package-manager-google-mobile-ads" */ = {
			isa = XCRemoteSwiftPackageReference;
			repositoryURL = "https://github.com/googleads/swift-package-manager-google-mobile-ads.git";
			requirement = {
				kind = upToNextMajorVersion;
				minimumVersion = 12.0.0;
			};
		};
		F8BC7B2D2FA6AE0400248180 /* XCRemoteSwiftPackageReference "supabase-swift" */ = {
			isa = XCRemoteSwiftPackageReference;
			repositoryURL = "https://github.com/supabase/supabase-swift";
			requirement = {
				kind = upToNextMajorVersion;
				minimumVersion = 2.5.1;
			};
		};
/* End XCRemoteSwiftPackageReference section */

/* Begin XCSwiftPackageProductDependency section */
		F8AD90022FA7AA0000248180 /* GoogleMobileAds */ = {
			isa = XCSwiftPackageProductDependency;
			package = F8AD90012FA7AA0000248180 /* XCRemoteSwiftPackageReference "swift-package-manager-google-mobile-ads" */;
			productName = GoogleMobileAds;
		};
		F8BC7B2E2FA6AE0400248180 /* Auth */ = {
			isa = XCSwiftPackageProductDependency;
			package = F8BC7B2D2FA6AE0400248180 /* XCRemoteSwiftPackageReference "supabase-swift" */;
			productName = Auth;
		};
		F8BC7B302FA6AE0400248180 /* Functions */ = {
			isa = XCSwiftPackageProductDependency;
			package = F8BC7B2D2FA6AE0400248180 /* XCRemoteSwiftPackageReference "supabase-swift" */;
			productName = Functions;
		};
		F8BC7B322FA6AE0400248180 /* PostgREST */ = {
			isa = XCSwiftPackageProductDependency;
			package = F8BC7B2D2FA6AE0400248180 /* XCRemoteSwiftPackageReference "supabase-swift" */;
			productName = PostgREST;
		};
		F8BC7B342FA6AE0400248180 /* Realtime */ = {
			isa = XCSwiftPackageProductDependency;
			package = F8BC7B2D2FA6AE0400248180 /* XCRemoteSwiftPackageReference "supabase-swift" */;
			productName = Realtime;
		};
		F8BC7B362FA6AE0400248180 /* Storage */ = {
			isa = XCSwiftPackageProductDependency;
			package = F8BC7B2D2FA6AE0400248180 /* XCRemoteSwiftPackageReference "supabase-swift" */;
			productName = Storage;
		};
		F8BC7B382FA6AE0400248180 /* Supabase */ = {
			isa = XCSwiftPackageProductDependency;
			package = F8BC7B2D2FA6AE0400248180 /* XCRemoteSwiftPackageReference "supabase-swift" */;
			productName = Supabase;
		};
/* End XCSwiftPackageProductDependency section */
	};
	rootObject = F8E47F302FA66B2400CAEA00 /* Project object */;
}
